# THIS IS AN AUTOGENERATED FILE. DO NOT EDIT THIS FILE DIRECTLY.
# yarn lockfile v1


countries-list@^3.1.0:
  version "3.1.0"
  resolved "https://registry.yarnpkg.com/countries-list/-/countries-list-3.1.0.tgz#1cbe32f58659c7d6a1e744917689f24c84333ea8"
  integrity sha512-HpTBLZba1VPTZSjUnUwR7SykxV7Z/7/+ZM5x5wi5tO99Qvom6bE2SC+AQ18016ujg3jSlYBbMITrHNnPAHSM9Q==

typescript@^5.4.5:
  version "5.4.5"
  resolved "https://registry.yarnpkg.com/typescript/-/typescript-5.4.5.tgz#42ccef2c571fdbd0f6718b1d1f5e6e5ef006f611"
  integrity sha512-vcI4UpRgg81oIRUFwR0WSIHKt11nJ7SAVlYNIu+QpqeyXP+gpQJy/Z4+F0aGxSE4MqwjyXvW/TzgkLAx2AGHwQ==
